
Microsoft Visual Studio Solution File, Format Version 12.00
# Visual Studio Version 16
VisualStudioVersion = 16.0.31702.278
MinimumVisualStudioVersion = 10.0.40219.1
Project("{9A19103F-16F7-4668-BE54-9A1E7A4F7556}") = "LabCalculator", "LabCalculator.csproj", "{8DE0E3A9-2990-4A5B-B994-A06C2FD84DCB}"
EndProject
Global
	GlobalSection(SolutionConfigurationPlatforms) = preSolution
		Debug|Any CPU = Debug|Any CPU
		Release|Any CPU = Release|Any CPU
	EndGlobalSection
	GlobalSection(ProjectConfigurationPlatforms) = postSolution
		{8DE0E3A9-2990-4A5B-B994-A06C2FD84DCB}.Debug|Any CPU.ActiveCfg = Debug|Any CPU
		{8DE0E3A9-2990-4A5B-B994-A06C2FD84DCB}.Debug|Any CPU.Build.0 = Debug|Any CPU
		{8DE0E3A9-2990-4A5B-B994-A06C2FD84DCB}.Release|Any CPU.ActiveCfg = Release|Any CPU
		{8DE0E3A9-2990-4A5B-B994-A06C2FD84DCB}.Release|Any CPU.Build.0 = Release|Any CPU
	EndGlobalSection
	GlobalSection(SolutionProperties) = preSolution
		HideSolutionNode = FALSE
	EndGlobalSection
	GlobalSection(ExtensibilityGlobals) = postSolution
		SolutionGuid = {54BD8D41-696B-456D-BA34-B51C8AB32087}
	EndGlobalSection
EndGlobal
